
Microsoft Visual Studio Solution File, Format Version 12.00
# Visual Studio Version 16
VisualStudioVersion = 16.0.31829.152
MinimumVisualStudioVersion = 10.0.40219.1
Project("{FAE04EC0-301F-11D3-BF4B-00C04F79EFBC}") = "MCD_GenericOncesiIslemler", "MCD_GenericOncesiIslemler\MCD_GenericOncesiIslemler.csproj", "{62E1378B-EF25-498D-8C23-34DF405CF5E8}"
EndProject
Global
	GlobalSection(SolutionConfigurationPlatforms) = preSolution
		Debug|Any CPU = Debug|Any CPU
		Release|Any CPU = Release|Any CPU
	EndGlobalSection
	GlobalSection(ProjectConfigurationPlatforms) = postSolution
		{62E1378B-EF25-498D-8C23-34DF405CF5E8}.Debug|Any CPU.ActiveCfg = Debug|Any CPU
		{62E1378B-EF25-498D-8C23-34DF405CF5E8}.Debug|Any CPU.Build.0 = Debug|Any CPU
		{62E1378B-EF25-498D-8C23-34DF405CF5E8}.Release|Any CPU.ActiveCfg = Release|Any CPU
		{62E1378B-EF25-498D-8C23-34DF405CF5E8}.Release|Any CPU.Build.0 = Release|Any CPU
	EndGlobalSection
	GlobalSection(SolutionProperties) = preSolution
		HideSolutionNode = FALSE
	EndGlobalSection
	GlobalSection(ExtensibilityGlobals) = postSolution
		SolutionGuid = {C91A6B3C-008B-42AB-8793-420A299B1F84}
	EndGlobalSection
EndGlobal
